// !$*UTF8*$!
{
	archiveVersion = 1;
	classes = {
	};
	objectVersion = 50;
	objects = {

/* Begin PBXBuildFile section */
		2156C365253EC1AE008ADA73 /* Localizable.strings in Resources */ = {isa = PBXBuildFile; fileRef = 2156C367253EC1AE008ADA73 /* Localizable.strings */; };
		2160D4BD253E1B4700C4508A /* AppDelegate.swift in Sources */ = {isa = PBXBuildFile; fileRef = 2160D4BC253E1B4700C4508A /* AppDelegate.swift */; };
		2160D4BF253E1B4700C4508A /* SceneDelegate.swift in Sources */ = {isa = PBXBuildFile; fileRef = 2160D4BE253E1B4700C4508A /* SceneDelegate.swift */; };
		2160D4C1253E1B4700C4508A /* ViewController.swift in Sources */ = {isa = PBXBuildFile; fileRef = 2160D4C0253E1B4700C4508A /* ViewController.swift */; };
		2160D4C4253E1B4700C4508A /* Main.storyboard in Resources */ = {isa = PBXBuildFile; fileRef = 2160D4C2253E1B4700C4508A /* Main.storyboard */; };
		2160D4C7253E1B4700C4508A /* Daily.xcdatamodeld in Sources */ = {isa = PBXBuildFile; fileRef = 2160D4C5253E1B4700C4508A /* Daily.xcdatamodeld */; };
		2160D4C9253E1B4900C4508A /* Assets.xcassets in Resources */ = {isa = PBXBuildFile; fileRef = 2160D4C8253E1B4900C4508A /* Assets.xcassets */; };
		2160D4CC253E1B4900C4508A /* LaunchScreen.storyboard in Resources */ = {isa = PBXBuildFile; fileRef = 2160D4CA253E1B4900C4508A /* LaunchScreen.storyboard */; };
		2160D4D7253E1B4A00C4508A /* DailyTests.swift in Sources */ = {isa = PBXBuildFile; fileRef = 2160D4D6253E1B4A00C4508A /* DailyTests.swift */; };
		2160D4E2253E1B4A00C4508A /* DailyUITests.swift in Sources */ = {isa = PBXBuildFile; fileRef = 2160D4E1253E1B4A00C4508A /* DailyUITests.swift */; };
/* End PBXBuildFile section */

/* Begin PBXContainerItemProxy section */
		2160D4D3253E1B4A00C4508A /* PBXContainerItemProxy */ = {
			isa = PBXContainerItemProxy;
			containerPortal = 2160D4B1253E1B4700C4508A /* Project object */;
			proxyType = 1;
			remoteGlobalIDString = 2160D4B8253E1B4700C4508A;
			remoteInfo = Daily;
		};
		2160D4DE253E1B4A00C4508A /* PBXContainerItemProxy */ = {
			isa = PBXContainerItemProxy;
			containerPortal = 2160D4B1253E1B4700C4508A /* Project object */;
			proxyType = 1;
			remoteGlobalIDString = 2160D4B8253E1B4700C4508A;
			remoteInfo = Daily;
		};
/* End PBXContainerItemProxy section */

/* Begin PBXFileReference section */
		2156C366253EC1AE008ADA73 /* en */ = {isa = PBXFileReference; lastKnownFileType = text.plist.strings; name = en; path = en.lproj/Localizable.strings; sourceTree = "<group>"; };
		2156C372253EC2EE008ADA73 /* ru */ = {isa = PBXFileReference; lastKnownFileType = text.plist.strings; name = ru; path = ru.lproj/Main.strings; sourceTree = "<group>"; };
		2156C373253EC2EE008ADA73 /* ru */ = {isa = PBXFileReference; lastKnownFileType = text.plist.strings; name = ru; path = ru.lproj/LaunchScreen.strings; sourceTree = "<group>"; };
		2156C374253EC2EE008ADA73 /* ru */ = {isa = PBXFileReference; lastKnownFileType = text.plist.strings; name = ru; path = ru.lproj/Localizable.strings; sourceTree = "<group>"; };
		2160D4B9253E1B4700C4508A /* Daily.app */ = {isa = PBXFileReference; explicitFileType = wrapper.application; includeInIndex = 0; path = Daily.app; sourceTree = BUILT_PRODUCTS_DIR; };
		2160D4BC253E1B4700C4508A /* AppDelegate.swift */ = {isa = PBXFileReference; lastKnownFileType = sourcecode.swift; path = AppDelegate.swift; sourceTree = "<group>"; };
		2160D4BE253E1B4700C4508A /* SceneDelegate.swift */ = {isa = PBXFileReference; lastKnownFileType = sourcecode.swift; path = SceneDelegate.swift; sourceTree = "<group>"; };
		2160D4C0253E1B4700C4508A /* ViewController.swift */ = {isa = PBXFileReference; lastKnownFileType = sourcecode.swift; path = ViewController.swift; sourceTree = "<group>"; };
		2160D4C3253E1B4700C4508A /* Base */ = {isa = PBXFileReference; lastKnownFileType = file.storyboard; name = Base; path = Base.lproj/Main.storyboard; sourceTree = "<group>"; };
		2160D4C6253E1B4700C4508A /* Daily.xcdatamodel */ = {isa = PBXFileReference; lastKnownFileType = wrapper.xcdatamodel; path = Daily.xcdatamodel; sourceTree = "<group>"; };
		2160D4C8253E1B4900C4508A /* Assets.xcassets */ = {isa = PBXFileReference; lastKnownFileType = folder.assetcatalog; path = Assets.xcassets; sourceTree = "<group>"; };
		2160D4CB253E1B4900C4508A /* Base */ = {isa = PBXFileReference; lastKnownFileType = file.storyboard; name = Base; path = Base.lproj/LaunchScreen.storyboard; sourceTree = "<group>"; };
		2160D4CD253E1B4900C4508A /* Info.plist */ = {isa = PBXFileReference; lastKnownFileType = text.plist.xml; path = Info.plist; sourceTree = "<group>"; };
		2160D4D2253E1B4A00C4508A /* DailyTests.xctest */ = {isa = PBXFileReference; explicitFileType = wrapper.cfbundle; includeInIndex = 0; path = DailyTests.xctest; sourceTree = BUILT_PRODUCTS_DIR; };
		2160D4D6253E1B4A00C4508A /* DailyTests.swift */ = {isa = PBXFileReference; lastKnownFileType = sourcecode.swift; path = DailyTests.swift; sourceTree = "<group>"; };
		2160D4D8253E1B4A00C4508A /* Info.plist */ = {isa = PBXFileReference; lastKnownFileType = text.plist.xml; path = Info.plist; sourceTree = "<group>"; };
		2160D4DD253E1B4A00C4508A /* DailyUITests.xctest */ = {isa = PBXFileReference; explicitFileType = wrapper.cfbundle; includeInIndex = 0; path = DailyUITests.xctest; sourceTree = BUILT_PRODUCTS_DIR; };
		2160D4E1253E1B4A00C4508A /* DailyUITests.swift */ = {isa = PBXFileReference; lastKnownFileType = sourcecode.swift; path = DailyUITests.swift; sourceTree = "<group>"; };
		2160D4E3253E1B4A00C4508A /* Info.plist */ = {isa = PBXFileReference; lastKnownFileType = text.plist.xml; path = Info.plist; sourceTree = "<group>"; };
/* End PBXFileReference section */

/* Begin PBXFrameworksBuildPhase section */
		2160D4B6253E1B4700C4508A /* Frameworks */ = {
			isa = PBXFrameworksBuildPhase;
			buildActionMask = 2147483647;
			files = (
			);
			runOnlyForDeploymentPostprocessing = 0;
		};
		2160D4CF253E1B4A00C4508A /* Frameworks */ = {
			isa = PBXFrameworksBuildPhase;
			buildActionMask = 2147483647;
			files = (
			);
			runOnlyForDeploymentPostprocessing = 0;
		};
		2160D4DA253E1B4A00C4508A /* Frameworks */ = {
			isa = PBXFrameworksBuildPhase;
			buildActionMask = 2147483647;
			files = (
			);
			runOnlyForDeploymentPostprocessing = 0;
		};
/* End PBXFrameworksBuildPhase section */

/* Begin PBXGroup section */
		2160D4B0253E1B4700C4508A = {
			isa = PBXGroup;
			children = (
				2160D4BB253E1B4700C4508A /* Daily */,
				2160D4D5253E1B4A00C4508A /* DailyTests */,
				2160D4E0253E1B4A00C4508A /* DailyUITests */,
				2160D4BA253E1B4700C4508A /* Products */,
			);
			sourceTree = "<group>";
		};
		2160D4BA253E1B4700C4508A /* Products */ = {
			isa = PBXGroup;
			children = (
				2160D4B9253E1B4700C4508A /* Daily.app */,
				2160D4D2253E1B4A00C4508A /* DailyTests.xctest */,
				2160D4DD253E1B4A00C4508A /* DailyUITests.xctest */,
			);
			name = Products;
			sourceTree = "<group>";
		};
		2160D4BB253E1B4700C4508A /* Daily */ = {
			isa = PBXGroup;
			children = (
				2160D4BC253E1B4700C4508A /* AppDelegate.swift */,
				2160D4BE253E1B4700C4508A /* SceneDelegate.swift */,
				2160D4C0253E1B4700C4508A /* ViewController.swift */,
				2160D4C2253E1B4700C4508A /* Main.storyboard */,
				2160D4C8253E1B4900C4508A /* Assets.xcassets */,
				2160D4CA253E1B4900C4508A /* LaunchScreen.storyboard */,
				2160D4CD253E1B4900C4508A /* Info.plist */,
				2160D4C5253E1B4700C4508A /* Daily.xcdatamodeld */,
				2156C367253EC1AE008ADA73 /* Localizable.strings */,
			);
			path = Daily;
			sourceTree = "<group>";
		};
		2160D4D5253E1B4A00C4508A /* DailyTests */ = {
			isa = PBXGroup;
			children = (
				2160D4D6253E1B4A00C4508A /* DailyTests.swift */,
				2160D4D8253E1B4A00C4508A /* Info.plist */,
			);
			path = DailyTests;
			sourceTree = "<group>";
		};
		2160D4E0253E1B4A00C4508A /* DailyUITests */ = {
			isa = PBXGroup;
			children = (
				2160D4E1253E1B4A00C4508A /* DailyUITests.swift */,
				2160D4E3253E1B4A00C4508A /* Info.plist */,
			);
			path = DailyUITests;
			sourceTree = "<group>";
		};
/* End PBXGroup section */

/* Begin PBXNativeTarget section */
		2160D4B8253E1B4700C4508A /* Daily */ = {
			isa = PBXNativeTarget;
			buildConfigurationList = 2160D4E6253E1B4A00C4508A /* Build configuration list for PBXNativeTarget "Daily" */;
			buildPhases = (
				2160D4B5253E1B4700C4508A /* Sources */,
				2160D4B6253E1B4700C4508A /* Frameworks */,
				2160D4B7253E1B4700C4508A /* Resources */,
			);
			buildRules = (
			);
			dependencies = (
			);
			name = Daily;
			productName = Daily;
			productReference = 2160D4B9253E1B4700C4508A /* Daily.app */;
			productType = "com.apple.product-type.application";
		};
		2160D4D1253E1B4A00C4508A /* DailyTests */ = {
			isa = PBXNativeTarget;
			buildConfigurationList = 2160D4E9253E1B4A00C4508A /* Build configuration list for PBXNativeTarget "DailyTests" */;
			buildPhases = (
				2160D4CE253E1B4A00C4508A /* Sources */,
				2160D4CF253E1B4A00C4508A /* Frameworks */,
				2160D4D0253E1B4A00C4508A /* Resources */,
			);
			buildRules = (
			);
			dependencies = (
				2160D4D4253E1B4A00C4508A /* PBXTargetDependency */,
			);
			name = DailyTests;
			productName = DailyTests;
			productReference = 2160D4D2253E1B4A00C4508A /* DailyTests.xctest */;
			productType = "com.apple.product-type.bundle.unit-test";
		};
		2160D4DC253E1B4A00C4508A /* DailyUITests */ = {
			isa = PBXNativeTarget;
			buildConfigurationList = 2160D4EC253E1B4A00C4508A /* Build configuration list for PBXNativeTarget "DailyUITests" */;
			buildPhases = (
				2160D4D9253E1B4A00C4508A /* Sources */,
				2160D4DA253E1B4A00C4508A /* Frameworks */,
				2160D4DB253E1B4A00C4508A /* Resources */,
			);
			buildRules = (
			);
			dependencies = (
				2160D4DF253E1B4A00C4508A /* PBXTargetDependency */,
			);
			name = DailyUITests;
			productName = DailyUITests;
			productReference = 2160D4DD253E1B4A00C4508A /* DailyUITests.xctest */;
			productType = "com.apple.product-type.bundle.ui-testing";
		};
/* End PBXNativeTarget section */

/* Begin PBXProject section */
		2160D4B1253E1B4700C4508A /* Project object */ = {
			isa = PBXProject;
			attributes = {
				LastSwiftUpdateCheck = 1200;
				LastUpgradeCheck = 1200;
				TargetAttributes = {
					2160D4B8253E1B4700C4508A = {
						CreatedOnToolsVersion = 12.0.1;
					};
					2160D4D1253E1B4A00C4508A = {
						CreatedOnToolsVersion = 12.0.1;
						TestTargetID = 2160D4B8253E1B4700C4508A;
					};
					2160D4DC253E1B4A00C4508A = {
						CreatedOnToolsVersion = 12.0.1;
						TestTargetID = 2160D4B8253E1B4700C4508A;
					};
				};
			};
			buildConfigurationList = 2160D4B4253E1B4700C4508A /* Build configuration list for PBXProject "Daily" */;
			compatibilityVersion = "Xcode 9.3";
			developmentRegion = en;
			hasScannedForEncodings = 0;
			knownRegions = (
				en,
				Base,
				ru,
			);
			mainGroup = 2160D4B0253E1B4700C4508A;
			productRefGroup = 2160D4BA253E1B4700C4508A /* Products */;
			projectDirPath = "";
			projectRoot = "";
			targets = (
				2160D4B8253E1B4700C4508A /* Daily */,
				2160D4D1253E1B4A00C4508A /* DailyTests */,
				2160D4DC253E1B4A00C4508A /* DailyUITests */,
			);
		};
/* End PBXProject section */

/* Begin PBXResourcesBuildPhase section */
		2160D4B7253E1B4700C4508A /* Resources */ = {
			isa = PBXResourcesBuildPhase;
			buildActionMask = 2147483647;
			files = (
				2156C365253EC1AE008ADA73 /* Localizable.strings in Resources */,
				2160D4CC253E1B4900C4508A /* LaunchScreen.storyboard in Resources */,
				2160D4C9253E1B4900C4508A /* Assets.xcassets in Resources */,
				2160D4C4253E1B4700C4508A /* Main.storyboard in Resources */,
			);
			runOnlyForDeploymentPostprocessing = 0;
		};
		2160D4D0253E1B4A00C4508A /* Resources */ = {
			isa = PBXResourcesBuildPhase;
			buildActionMask = 2147483647;
			files = (
			);
			runOnlyForDeploymentPostprocessing = 0;
		};
		2160D4DB253E1B4A00C4508A /* Resources */ = {
			isa = PBXResourcesBuildPhase;
			buildActionMask = 2147483647;
			files = (
			);
			runOnlyForDeploymentPostprocessing = 0;
		};
/* End PBXResourcesBuildPhase section */

/* Begin PBXSourcesBuildPhase section */
		2160D4B5253E1B4700C4508A /* Sources */ = {
			isa = PBXSourcesBuildPhase;
			buildActionMask = 2147483647;
			files = (
				2160D4C1253E1B4700C4508A /* ViewController.swift in Sources */,
				2160D4C7253E1B4700C4508A /* Daily.xcdatamodeld in Sources */,
				2160D4BD253E1B4700C4508A /* AppDelegate.swift in Sources */,
				2160D4BF253E1B4700C4508A /* SceneDelegate.swift in Sources */,
			);
			runOnlyForDeploymentPostprocessing = 0;
		};
		2160D4CE253E1B4A00C4508A /* Sources */ = {
			isa = PBXSourcesBuildPhase;
			buildActionMask = 2147483647;
			files = (
				2160D4D7253E1B4A00C4508A /* DailyTests.swift in Sources */,
			);
			runOnlyForDeploymentPostprocessing = 0;
		};
		2160D4D9253E1B4A00C4508A /* Sources */ = {
			isa = PBXSourcesBuildPhase;
			buildActionMask = 2147483647;
			files = (
				2160D4E2253E1B4A00C4508A /* DailyUITests.swift in Sources */,
			);
			runOnlyForDeploymentPostprocessing = 0;
		};
/* End PBXSourcesBuildPhase section */

/* Begin PBXTargetDependency section */
		2160D4D4253E1B4A00C4508A /* PBXTargetDependency */ = {
			isa = PBXTargetDependency;
			target = 2160D4B8253E1B4700C4508A /* Daily */;
			targetProxy = 2160D4D3253E1B4A00C4508A /* PBXContainerItemProxy */;
		};
		2160D4DF253E1B4A00C4508A /* PBXTargetDependency */ = {
			isa = PBXTargetDependency;
			target = 2160D4B8253E1B4700C4508A /* Daily */;
			targetProxy = 2160D4DE253E1B4A00C4508A /* PBXContainerItemProxy */;
		};
/* End PBXTargetDependency section */

/* Begin PBXVariantGroup section */
		2156C367253EC1AE008ADA73 /* Localizable.strings */ = {
			isa = PBXVariantGroup;
			children = (
				2156C366253EC1AE008ADA73 /* en */,
				2156C374253EC2EE008ADA73 /* ru */,
			);
			name = Localizable.strings;
			sourceTree = "<group>";
		};
		2160D4C2253E1B4700C4508A /* Main.storyboard */ = {
			isa = PBXVariantGroup;
			children = (
				2160D4C3253E1B4700C4508A /* Base */,
				2156C372253EC2EE008ADA73 /* ru */,
			);
			name = Main.storyboard;
			sourceTree = "<group>";
		};
		2160D4CA253E1B4900C4508A /* LaunchScreen.storyboard */ = {
			isa = PBXVariantGroup;
			children = (
				2160D4CB253E1B4900C4508A /* Base */,
				2156C373253EC2EE008ADA73 /* ru */,
			);
			name = LaunchScreen.storyboard;
			sourceTree = "<group>";
		};
/* End PBXVariantGroup section */

/* Begin XCBuildConfiguration section */
		2160D4E4253E1B4A00C4508A /* Debug */ = {
			isa = XCBuildConfiguration;
			buildSettings = {
				ALWAYS_SEARCH_USER_PATHS = NO;
				CLANG_ANALYZER_LOCALIZABILITY_NONLOCALIZED = YES;
				CLANG_ANALYZER_NONNULL = YES;
				CLANG_ANALYZER_NUMBER_OBJECT_CONVERSION = YES_AGGRESSIVE;
				CLANG_CXX_LANGUAGE_STANDARD = "gnu++14";
				CLANG_CXX_LIBRARY = "libc++";
				CLANG_ENABLE_MODULES = YES;
				CLANG_ENABLE_OBJC_ARC = YES;
				CLANG_ENABLE_OBJC_WEAK = YES;
				CLANG_WARN_BLOCK_CAPTURE_AUTORELEASING = YES;
				CLANG_WARN_BOOL_CONVERSION = YES;
				CLANG_WARN_COMMA = YES;
				CLANG_WARN_CONSTANT_CONVERSION = YES;
				CLANG_WARN_DEPRECATED_OBJC_IMPLEMENTATIONS = YES;
				CLANG_WARN_DIRECT_OBJC_ISA_USAGE = YES_ERROR;
				CLANG_WARN_DOCUMENTATION_COMMENTS = YES;
				CLANG_WARN_EMPTY_BODY = YES;
				CLANG_WARN_ENUM_CONVERSION = YES;
				CLANG_WARN_INFINITE_RECURSION = YES;
				CLANG_WARN_INT_CONVERSION = YES;
				CLANG_WARN_NON_LITERAL_NULL_CONVERSION = YES;
				CLANG_WARN_OBJC_IMPLICIT_RETAIN_SELF = YES;
				CLANG_WARN_OBJC_LITERAL_CONVERSION = YES;
				CLANG_WARN_OBJC_ROOT_CLASS = YES_ERROR;
				CLANG_WARN_QUOTED_INCLUDE_IN_FRAMEWORK_HEADER = YES;
				CLANG_WARN_RANGE_LOOP_ANALYSIS = YES;
				CLANG_WARN_STRICT_PROTOTYPES = YES;
				CLANG_WARN_SUSPICIOUS_MOVE = YES;
				CLANG_WARN_UNGUARDED_AVAILABILITY = YES_AGGRESSIVE;
				CLANG_WARN_UNREACHABLE_CODE = YES;
				CLANG_WARN__DUPLICATE_METHOD_MATCH = YES;
				COPY_PHASE_STRIP = NO;
				DEBUG_INFORMATION_FORMAT = dwarf;
				ENABLE_STRICT_OBJC_MSGSEND = YES;
				ENABLE_TESTABILITY = YES;
				GCC_C_LANGUAGE_STANDARD = gnu11;
				GCC_DYNAMIC_NO_PIC = NO;
				GCC_NO_COMMON_BLOCKS = YES;
				GCC_OPTIMIZATION_LEVEL = 0;
				GCC_PREPROCESSOR_DEFINITIONS = (
					"DEBUG=1",
					"$(inherited)",
				);
				GCC_WARN_64_TO_32_BIT_CONVERSION = YES;
				GCC_WARN_ABOUT_RETURN_TYPE = YES_ERROR;
				GCC_WARN_UNDECLARED_SELECTOR = YES;
				GCC_WARN_UNINITIALIZED_AUTOS = YES_AGGRESSIVE;
				GCC_WARN_UNUSED_FUNCTION = YES;
				GCC_WARN_UNUSED_VARIABLE = YES;
				IPHONEOS_DEPLOYMENT_TARGET = 14.0;
				MTL_ENABLE_DEBUG_INFO = INCLUDE_SOURCE;
				MTL_FAST_MATH = YES;
				ONLY_ACTIVE_ARCH = YES;
				SDKROOT = iphoneos;
				SWIFT_ACTIVE_COMPILATION_CONDITIONS = DEBUG;
				SWIFT_OPTIMIZATION_LEVEL = "-Onone";
			};
			name = Debug;
		};
		2160D4E5253E1B4A00C4508A /* Release */ = {
			isa = XCBuildConfiguration;
			buildSettings = {
				ALWAYS_SEARCH_USER_PATHS = NO;
				CLANG_ANALYZER_LOCALIZABILITY_NONLOCALIZED = YES;
				CLANG_ANALYZER_NONNULL = YES;
				CLANG_ANALYZER_NUMBER_OBJECT_CONVERSION = YES_AGGRESSIVE;
				CLANG_CXX_LANGUAGE_STANDARD = "gnu++14";
				CLANG_CXX_LIBRARY = "libc++";
				CLANG_ENABLE_MODULES = YES;
				CLANG_ENABLE_OBJC_ARC = YES;
				CLANG_ENABLE_OBJC_WEAK = YES;
				CLANG_WARN_BLOCK_CAPTURE_AUTORELEASING = YES;
				CLANG_WARN_BOOL_CONVERSION = YES;
				CLANG_WARN_COMMA = YES;
				CLANG_WARN_CONSTANT_CONVERSION = YES;
				CLANG_WARN_DEPRECATED_OBJC_IMPLEMENTATIONS = YES;
				CLANG_WARN_DIRECT_OBJC_ISA_USAGE = YES_ERROR;
				CLANG_WARN_DOCUMENTATION_COMMENTS = YES;
				CLANG_WARN_EMPTY_BODY = YES;
				CLANG_WARN_ENUM_CONVERSION = YES;
				CLANG_WARN_INFINITE_RECURSION = YES;
				CLANG_WARN_INT_CONVERSION = YES;
				CLANG_WARN_NON_LITERAL_NULL_CONVERSION = YES;
				CLANG_WARN_OBJC_IMPLICIT_RETAIN_SELF = YES;
				CLANG_WARN_OBJC_LITERAL_CONVERSION = YES;
				CLANG_WARN_OBJC_ROOT_CLASS = YES_ERROR;
				CLANG_WARN_QUOTED_INCLUDE_IN_FRAMEWORK_HEADER = YES;
				CLANG_WARN_RANGE_LOOP_ANALYSIS = YES;
				CLANG_WARN_STRICT_PROTOTYPES = YES;
				CLANG_WARN_SUSPICIOUS_MOVE = YES;
				CLANG_WARN_UNGUARDED_AVAILABILITY = YES_AGGRESSIVE;
				CLANG_WARN_UNREACHABLE_CODE = YES;
				CLANG_WARN__DUPLICATE_METHOD_MATCH = YES;
				COPY_PHASE_STRIP = NO;
				DEBUG_INFORMATION_FORMAT = "dwarf-with-dsym";
				ENABLE_NS_ASSERTIONS = NO;
				ENABLE_STRICT_OBJC_MSGSEND = YES;
				GCC_C_LANGUAGE_STANDARD = gnu11;
				GCC_NO_COMMON_BLOCKS = YES;
				GCC_WARN_64_TO_32_BIT_CONVERSION = YES;
				GCC_WARN_ABOUT_RETURN_TYPE = YES_ERROR;
				GCC_WARN_UNDECLARED_SELECTOR = YES;
				GCC_WARN_UNINITIALIZED_AUTOS = YES_AGGRESSIVE;
				GCC_WARN_UNUSED_FUNCTION = YES;
				GCC_WARN_UNUSED_VARIABLE = YES;
				IPHONEOS_DEPLOYMENT_TARGET = 14.0;
				MTL_ENABLE_DEBUG_INFO = NO;
				MTL_FAST_MATH = YES;
				SDKROOT = iphoneos;
				SWIFT_COMPILATION_MODE = wholemodule;
				SWIFT_OPTIMIZATION_LEVEL = "-O";
				VALIDATE_PRODUCT = YES;
			};
			name = Release;
		};
		2160D4E7253E1B4A00C4508A /* Debug */ = {
			isa = XCBuildConfiguration;
			buildSettings = {
				ASSETCATALOG_COMPILER_APPICON_NAME = AppIcon;
				ASSETCATALOG_COMPILER_GLOBAL_ACCENT_COLOR_NAME = AccentColor;
				CODE_SIGN_STYLE = Automatic;
				DEVELOPMENT_TEAM = N8G9Q3V5FX;
				INFOPLIST_FILE = Daily/Info.plist;
				LD_RUNPATH_SEARCH_PATHS = (
					"$(inherited)",
					"@executable_path/Frameworks",
				);
				PRODUCT_BUNDLE_IDENTIFIER = com.DUMAA.Daily;
				PRODUCT_NAME = "$(TARGET_NAME)";
				SWIFT_VERSION = 5.0;
				TARGETED_DEVICE_FAMILY = "1,2";
			};
			name = Debug;
		};
		2160D4E8253E1B4A00C4508A /* Release */ = {
			isa = XCBuildConfiguration;
			buildSettings = {
				ASSETCATALOG_COMPILER_APPICON_NAME = AppIcon;
				ASSETCATALOG_COMPILER_GLOBAL_ACCENT_COLOR_NAME = AccentColor;
				CODE_SIGN_STYLE = Automatic;
				DEVELOPMENT_TEAM = N8G9Q3V5FX;
				INFOPLIST_FILE = Daily/Info.plist;
				LD_RUNPATH_SEARCH_PATHS = (
					"$(inherited)",
					"@executable_path/Frameworks",
				);
				PRODUCT_BUNDLE_IDENTIFIER = com.DUMAA.Daily;
				PRODUCT_NAME = "$(TARGET_NAME)";
				SWIFT_VERSION = 5.0;
				TARGETED_DEVICE_FAMILY = "1,2";
			};
			name = Release;
		};
		2160D4EA253E1B4A00C4508A /* Debug */ = {
			isa = XCBuildConfiguration;
			buildSettings = {
				ALWAYS_EMBED_SWIFT_STANDARD_LIBRARIES = YES;
				BUNDLE_LOADER = "$(TEST_HOST)";
				CODE_SIGN_STYLE = Automatic;
				DEVELOPMENT_TEAM = N8G9Q3V5FX;
				INFOPLIST_FILE = DailyTests/Info.plist;
				IPHONEOS_DEPLOYMENT_TARGET = 14.0;
				LD_RUNPATH_SEARCH_PATHS = (
					"$(inherited)",
					"@executable_path/Frameworks",
					"@loader_path/Frameworks",
				);
				PRODUCT_BUNDLE_IDENTIFIER = com.DUMAA.DailyTests;
				PRODUCT_NAME = "$(TARGET_NAME)";
				SWIFT_VERSION = 5.0;
				TARGETED_DEVICE_FAMILY = "1,2";
				TEST_HOST = "$(BUILT_PRODUCTS_DIR)/Daily.app/Daily";
			};
			name = Debug;
		};
		2160D4EB253E1B4A00C4508A /* Release */ = {
			isa = XCBuildConfiguration;
			buildSettings = {
				ALWAYS_EMBED_SWIFT_STANDARD_LIBRARIES = YES;
				BUNDLE_LOADER = "$(TEST_HOST)";
				CODE_SIGN_STYLE = Automatic;
				DEVELOPMENT_TEAM = N8G9Q3V5FX;
				INFOPLIST_FILE = DailyTests/Info.plist;
				IPHONEOS_DEPLOYMENT_TARGET = 14.0;
				LD_RUNPATH_SEARCH_PATHS = (
					"$(inherited)",
					"@executable_path/Frameworks",
					"@loader_path/Frameworks",
				);
				PRODUCT_BUNDLE_IDENTIFIER = com.DUMAA.DailyTests;
				PRODUCT_NAME = "$(TARGET_NAME)";
				SWIFT_VERSION = 5.0;
				TARGETED_DEVICE_FAMILY = "1,2";
				TEST_HOST = "$(BUILT_PRODUCTS_DIR)/Daily.app/Daily";
			};
			name = Release;
		};
		2160D4ED253E1B4A00C4508A /* Debug */ = {
			isa = XCBuildConfiguration;
			buildSettings = {
				ALWAYS_EMBED_SWIFT_STANDARD_LIBRARIES = YES;
				CODE_SIGN_STYLE = Automatic;
				DEVELOPMENT_TEAM = N8G9Q3V5FX;
				INFOPLIST_FILE = DailyUITests/Info.plist;
				LD_RUNPATH_SEARCH_PATHS = (
					"$(inherited)",
					"@executable_path/Frameworks",
					"@loader_path/Frameworks",
				);
				PRODUCT_BUNDLE_IDENTIFIER = com.DUMAA.DailyUITests;
				PRODUCT_NAME = "$(TARGET_NAME)";
				SWIFT_VERSION = 5.0;
				TARGETED_DEVICE_FAMILY = "1,2";
				TEST_TARGET_NAME = Daily;
			};
			name = Debug;
		};
		2160D4EE253E1B4A00C4508A /* Release */ = {
			isa = XCBuildConfiguration;
			buildSettings = {
				ALWAYS_EMBED_SWIFT_STANDARD_LIBRARIES = YES;
				CODE_SIGN_STYLE = Automatic;
				DEVELOPMENT_TEAM = N8G9Q3V5FX;
				INFOPLIST_FILE = DailyUITests/Info.plist;
				LD_RUNPATH_SEARCH_PATHS = (
					"$(inherited)",
					"@executable_path/Frameworks",
					"@loader_path/Frameworks",
				);
				PRODUCT_BUNDLE_IDENTIFIER = com.DUMAA.DailyUITests;
				PRODUCT_NAME = "$(TARGET_NAME)";
				SWIFT_VERSION = 5.0;
				TARGETED_DEVICE_FAMILY = "1,2";
				TEST_TARGET_NAME = Daily;
			};
			name = Release;
		};
/* End XCBuildConfiguration section */

/* Begin XCConfigurationList section */
		2160D4B4253E1B4700C4508A /* Build configuration list for PBXProject "Daily" */ = {
			isa = XCConfigurationList;
			buildConfigurations = (
				2160D4E4253E1B4A00C4508A /* Debug */,
				2160D4E5253E1B4A00C4508A /* Release */,
			);
			defaultConfigurationIsVisible = 0;
			defaultConfigurationName = Release;
		};
		2160D4E6253E1B4A00C4508A /* Build configuration list for PBXNativeTarget "Daily" */ = {
			isa = XCConfigurationList;
			buildConfigurations = (
				2160D4E7253E1B4A00C4508A /* Debug */,
				2160D4E8253E1B4A00C4508A /* Release */,
			);
			defaultConfigurationIsVisible = 0;
			defaultConfigurationName = Release;
		};
		2160D4E9253E1B4A00C4508A /* Build configuration list for PBXNativeTarget "DailyTests" */ = {
			isa = XCConfigurationList;
			buildConfigurations = (
				2160D4EA253E1B4A00C4508A /* Debug */,
				2160D4EB253E1B4A00C4508A /* Release */,
			);
			defaultConfigurationIsVisible = 0;
			defaultConfigurationName = Release;
		};
		2160D4EC253E1B4A00C4508A /* Build configuration list for PBXNativeTarget "DailyUITests" */ = {
			isa = XCConfigurationList;
			buildConfigurations = (
				2160D4ED253E1B4A00C4508A /* Debug */,
				2160D4EE253E1B4A00C4508A /* Release */,
			);
			defaultConfigurationIsVisible = 0;
			defaultConfigurationName = Release;
		};
/* End XCConfigurationList section */

/* Begin XCVersionGroup section */
		2160D4C5253E1B4700C4508A /* Daily.xcdatamodeld */ = {
			isa = XCVersionGroup;
			children = (
				2160D4C6253E1B4700C4508A /* Daily.xcdatamodel */,
			);
			currentVersion = 2160D4C6253E1B4700C4508A /* Daily.xcdatamodel */;
			path = Daily.xcdatamodeld;
			sourceTree = "<group>";
			versionGroupType = wrapper.xcdatamodel;
		};
/* End XCVersionGroup section */
	};
	rootObject = 2160D4B1253E1B4700C4508A /* Project object */;
}
